
Microsoft Visual Studio Solution File, Format Version 12.00
# Visual Studio 15
VisualStudioVersion = 15.0.26228.4
MinimumVisualStudioVersion = 15.0.26124.0
Project("{2150E333-8FDC-42A3-9474-1A3956D46DE8}") = "src", "src", "{73CB96B2-E2FD-48BA-A623-722B63BFD5BA}"
EndProject
Project("{FAE04EC0-301F-11D3-BF4B-00C04F79EFBC}") = "JediIdentityServer", "src\JediIdentityServer\JediIdentityServer.csproj", "{3B563570-0C7E-4707-851A-2DE676BA5BC5}"
EndProject
Project("{FAE04EC0-301F-11D3-BF4B-00C04F79EFBC}") = "WebApi", "src\WebApi\WebApi.csproj", "{4DB76D01-7681-4BFB-B968-55A5B87AE118}"
EndProject
Project("{FAE04EC0-301F-11D3-BF4B-00C04F79EFBC}") = "Client", "src\Client\Client.csproj", "{BC99A549-30F3-4D7D-9A29-2B9FC4B2FE1D}"
EndProject
Global
	GlobalSection(SolutionConfigurationPlatforms) = preSolution
		Debug|Any CPU = Debug|Any CPU
		Debug|x64 = Debug|x64
		Debug|x86 = Debug|x86
		Release|Any CPU = Release|Any CPU
		Release|x64 = Release|x64
		Release|x86 = Release|x86
	EndGlobalSection
	GlobalSection(ProjectConfigurationPlatforms) = postSolution
		{3B563570-0C7E-4707-851A-2DE676BA5BC5}.Debug|Any CPU.ActiveCfg = Debug|Any CPU
		{3B563570-0C7E-4707-851A-2DE676BA5BC5}.Debug|Any CPU.Build.0 = Debug|Any CPU
		{3B563570-0C7E-4707-851A-2DE676BA5BC5}.Debug|x64.ActiveCfg = Debug|Any CPU
		{3B563570-0C7E-4707-851A-2DE676BA5BC5}.Debug|x64.Build.0 = Debug|Any CPU
		{3B563570-0C7E-4707-851A-2DE676BA5BC5}.Debug|x86.ActiveCfg = Debug|Any CPU
		{3B563570-0C7E-4707-851A-2DE676BA5BC5}.Debug|x86.Build.0 = Debug|Any CPU
		{3B563570-0C7E-4707-851A-2DE676BA5BC5}.Release|Any CPU.ActiveCfg = Release|Any CPU
		{3B563570-0C7E-4707-851A-2DE676BA5BC5}.Release|Any CPU.Build.0 = Release|Any CPU
		{3B563570-0C7E-4707-851A-2DE676BA5BC5}.Release|x64.ActiveCfg = Release|Any CPU
		{3B563570-0C7E-4707-851A-2DE676BA5BC5}.Release|x64.Build.0 = Release|Any CPU
		{3B563570-0C7E-4707-851A-2DE676BA5BC5}.Release|x86.ActiveCfg = Release|Any CPU
		{3B563570-0C7E-4707-851A-2DE676BA5BC5}.Release|x86.Build.0 = Release|Any CPU
		{4DB76D01-7681-4BFB-B968-55A5B87AE118}.Debug|Any CPU.ActiveCfg = Debug|Any CPU
		{4DB76D01-7681-4BFB-B968-55A5B87AE118}.Debug|Any CPU.Build.0 = Debug|Any CPU
		{4DB76D01-7681-4BFB-B968-55A5B87AE118}.Debug|x64.ActiveCfg = Debug|Any CPU
		{4DB76D01-7681-4BFB-B968-55A5B87AE118}.Debug|x64.Build.0 = Debug|Any CPU
		{4DB76D01-7681-4BFB-B968-55A5B87AE118}.Debug|x86.ActiveCfg = Debug|Any CPU
		{4DB76D01-7681-4BFB-B968-55A5B87AE118}.Debug|x86.Build.0 = Debug|Any CPU
		{4DB76D01-7681-4BFB-B968-55A5B87AE118}.Release|Any CPU.ActiveCfg = Release|Any CPU
		{4DB76D01-7681-4BFB-B968-55A5B87AE118}.Release|Any CPU.Build.0 = Release|Any CPU
		{4DB76D01-7681-4BFB-B968-55A5B87AE118}.Release|x64.ActiveCfg = Release|Any CPU
		{4DB76D01-7681-4BFB-B968-55A5B87AE118}.Release|x64.Build.0 = Release|Any CPU
		{4DB76D01-7681-4BFB-B968-55A5B87AE118}.Release|x86.ActiveCfg = Release|Any CPU
		{4DB76D01-7681-4BFB-B968-55A5B87AE118}.Release|x86.Build.0 = Release|Any CPU
		{BC99A549-30F3-4D7D-9A29-2B9FC4B2FE1D}.Debug|Any CPU.ActiveCfg = Debug|Any CPU
		{BC99A549-30F3-4D7D-9A29-2B9FC4B2FE1D}.Debug|Any CPU.Build.0 = Debug|Any CPU
		{BC99A549-30F3-4D7D-9A29-2B9FC4B2FE1D}.Debug|x64.ActiveCfg = Debug|Any CPU
		{BC99A549-30F3-4D7D-9A29-2B9FC4B2FE1D}.Debug|x64.Build.0 = Debug|Any CPU
		{BC99A549-30F3-4D7D-9A29-2B9FC4B2FE1D}.Debug|x86.ActiveCfg = Debug|Any CPU
		{BC99A549-30F3-4D7D-9A29-2B9FC4B2FE1D}.Debug|x86.Build.0 = Debug|Any CPU
		{BC99A549-30F3-4D7D-9A29-2B9FC4B2FE1D}.Release|Any CPU.ActiveCfg = Release|Any CPU
		{BC99A549-30F3-4D7D-9A29-2B9FC4B2FE1D}.Release|Any CPU.Build.0 = Release|Any CPU
		{BC99A549-30F3-4D7D-9A29-2B9FC4B2FE1D}.Release|x64.ActiveCfg = Release|Any CPU
		{BC99A549-30F3-4D7D-9A29-2B9FC4B2FE1D}.Release|x64.Build.0 = Release|Any CPU
		{BC99A549-30F3-4D7D-9A29-2B9FC4B2FE1D}.Release|x86.ActiveCfg = Release|Any CPU
		{BC99A549-30F3-4D7D-9A29-2B9FC4B2FE1D}.Release|x86.Build.0 = Release|Any CPU
	EndGlobalSection
	GlobalSection(SolutionProperties) = preSolution
		HideSolutionNode = FALSE
	EndGlobalSection
	GlobalSection(NestedProjects) = preSolution
		{3B563570-0C7E-4707-851A-2DE676BA5BC5} = {73CB96B2-E2FD-48BA-A623-722B63BFD5BA}
		{4DB76D01-7681-4BFB-B968-55A5B87AE118} = {73CB96B2-E2FD-48BA-A623-722B63BFD5BA}
		{BC99A549-30F3-4D7D-9A29-2B9FC4B2FE1D} = {73CB96B2-E2FD-48BA-A623-722B63BFD5BA}
	EndGlobalSection
EndGlobal
