Microsoft Visual Studio Solution File, Format Version 12.00
# Visual Studio 15
VisualStudioVersion = 15.0.26228.4
MinimumVisualStudioVersion = 15.0.26124.0
Project("{2150E333-8FDC-42A3-9474-1A3956D46DE8}") = "src", "src", "{0E826D44-87A5-4A16-A444-89ED7B8E8336}"
EndProject
Project("{9A19103F-16F7-4668-BE54-9A1E7A4F7556}") = "JediIdentityServer", "src\JediIdentityServer\JediIdentityServer.csproj", "{1899C13F-C989-45A9-9D01-493B722E2C33}"
EndProject
Project("{9A19103F-16F7-4668-BE54-9A1E7A4F7556}") = "WebApi", "src\WebApi\WebApi.csproj", "{5754542B-CF81-4C36-BEF9-3E7C335F7D5C}"
EndProject
Project("{9A19103F-16F7-4668-BE54-9A1E7A4F7556}") = "Client", "src\Client\Client.csproj", "{0763875A-3A3C-4C03-B3BE-5DA313857A43}"
EndProject
Project("{9A19103F-16F7-4668-BE54-9A1E7A4F7556}") = "MvcClient", "src\MvcClient\MvcClient.csproj", "{725F472F-E7FD-4D61-898A-E2D03FBD2F03}"
EndProject
Project("{9A19103F-16F7-4668-BE54-9A1E7A4F7556}") = "ResourceOwnerClient", "src\ResourceOwnerClient\ResourceOwnerClient.csproj", "{723EC37B-5D4C-4079-AC11-46F8F3EB8BF0}"
EndProject
Project("{2150E333-8FDC-42A3-9474-1A3956D46DE8}") = "Clients", "Clients", "{E7CF9C69-5244-4109-9B74-0919B9FDD6AC}"
EndProject
Project("{2150E333-8FDC-42A3-9474-1A3956D46DE8}") = "Apis", "Apis", "{BCDC1BE3-8EBE-4BBD-B269-070D213C0A72}"
EndProject
Project("{2150E333-8FDC-42A3-9474-1A3956D46DE8}") = "Idsrv", "Idsrv", "{E088CA68-1274-4E02-9C2D-3C51B08105FF}"
EndProject
Global
	GlobalSection(SolutionConfigurationPlatforms) = preSolution
		Debug|Any CPU = Debug|Any CPU
		Debug|x64 = Debug|x64
		Debug|x86 = Debug|x86
		Release|Any CPU = Release|Any CPU
		Release|x64 = Release|x64
		Release|x86 = Release|x86
	EndGlobalSection
	GlobalSection(ProjectConfigurationPlatforms) = postSolution
		{1899C13F-C989-45A9-9D01-493B722E2C33}.Debug|Any CPU.ActiveCfg = Debug|Any CPU
		{1899C13F-C989-45A9-9D01-493B722E2C33}.Debug|Any CPU.Build.0 = Debug|Any CPU
		{1899C13F-C989-45A9-9D01-493B722E2C33}.Debug|x64.ActiveCfg = Debug|Any CPU
		{1899C13F-C989-45A9-9D01-493B722E2C33}.Debug|x64.Build.0 = Debug|Any CPU
		{1899C13F-C989-45A9-9D01-493B722E2C33}.Debug|x86.ActiveCfg = Debug|Any CPU
		{1899C13F-C989-45A9-9D01-493B722E2C33}.Debug|x86.Build.0 = Debug|Any CPU
		{1899C13F-C989-45A9-9D01-493B722E2C33}.Release|Any CPU.ActiveCfg = Release|Any CPU
		{1899C13F-C989-45A9-9D01-493B722E2C33}.Release|Any CPU.Build.0 = Release|Any CPU
		{1899C13F-C989-45A9-9D01-493B722E2C33}.Release|x64.ActiveCfg = Release|Any CPU
		{1899C13F-C989-45A9-9D01-493B722E2C33}.Release|x64.Build.0 = Release|Any CPU
		{1899C13F-C989-45A9-9D01-493B722E2C33}.Release|x86.ActiveCfg = Release|Any CPU
		{1899C13F-C989-45A9-9D01-493B722E2C33}.Release|x86.Build.0 = Release|Any CPU
		{5754542B-CF81-4C36-BEF9-3E7C335F7D5C}.Debug|Any CPU.ActiveCfg = Debug|Any CPU
		{5754542B-CF81-4C36-BEF9-3E7C335F7D5C}.Debug|Any CPU.Build.0 = Debug|Any CPU
		{5754542B-CF81-4C36-BEF9-3E7C335F7D5C}.Debug|x64.ActiveCfg = Debug|Any CPU
		{5754542B-CF81-4C36-BEF9-3E7C335F7D5C}.Debug|x64.Build.0 = Debug|Any CPU
		{5754542B-CF81-4C36-BEF9-3E7C335F7D5C}.Debug|x86.ActiveCfg = Debug|Any CPU
		{5754542B-CF81-4C36-BEF9-3E7C335F7D5C}.Debug|x86.Build.0 = Debug|Any CPU
		{5754542B-CF81-4C36-BEF9-3E7C335F7D5C}.Release|Any CPU.ActiveCfg = Release|Any CPU
		{5754542B-CF81-4C36-BEF9-3E7C335F7D5C}.Release|Any CPU.Build.0 = Release|Any CPU
		{5754542B-CF81-4C36-BEF9-3E7C335F7D5C}.Release|x64.ActiveCfg = Release|Any CPU
		{5754542B-CF81-4C36-BEF9-3E7C335F7D5C}.Release|x64.Build.0 = Release|Any CPU
		{5754542B-CF81-4C36-BEF9-3E7C335F7D5C}.Release|x86.ActiveCfg = Release|Any CPU
		{5754542B-CF81-4C36-BEF9-3E7C335F7D5C}.Release|x86.Build.0 = Release|Any CPU
		{0763875A-3A3C-4C03-B3BE-5DA313857A43}.Debug|Any CPU.ActiveCfg = Debug|Any CPU
		{0763875A-3A3C-4C03-B3BE-5DA313857A43}.Debug|Any CPU.Build.0 = Debug|Any CPU
		{0763875A-3A3C-4C03-B3BE-5DA313857A43}.Debug|x64.ActiveCfg = Debug|Any CPU
		{0763875A-3A3C-4C03-B3BE-5DA313857A43}.Debug|x64.Build.0 = Debug|Any CPU
		{0763875A-3A3C-4C03-B3BE-5DA313857A43}.Debug|x86.ActiveCfg = Debug|Any CPU
		{0763875A-3A3C-4C03-B3BE-5DA313857A43}.Debug|x86.Build.0 = Debug|Any CPU
		{0763875A-3A3C-4C03-B3BE-5DA313857A43}.Release|Any CPU.ActiveCfg = Release|Any CPU
		{0763875A-3A3C-4C03-B3BE-5DA313857A43}.Release|Any CPU.Build.0 = Release|Any CPU
		{0763875A-3A3C-4C03-B3BE-5DA313857A43}.Release|x64.ActiveCfg = Release|Any CPU
		{0763875A-3A3C-4C03-B3BE-5DA313857A43}.Release|x64.Build.0 = Release|Any CPU
		{0763875A-3A3C-4C03-B3BE-5DA313857A43}.Release|x86.ActiveCfg = Release|Any CPU
		{0763875A-3A3C-4C03-B3BE-5DA313857A43}.Release|x86.Build.0 = Release|Any CPU
		{725F472F-E7FD-4D61-898A-E2D03FBD2F03}.Debug|Any CPU.ActiveCfg = Debug|Any CPU
		{725F472F-E7FD-4D61-898A-E2D03FBD2F03}.Debug|Any CPU.Build.0 = Debug|Any CPU
		{725F472F-E7FD-4D61-898A-E2D03FBD2F03}.Debug|x64.ActiveCfg = Debug|Any CPU
		{725F472F-E7FD-4D61-898A-E2D03FBD2F03}.Debug|x64.Build.0 = Debug|Any CPU
		{725F472F-E7FD-4D61-898A-E2D03FBD2F03}.Debug|x86.ActiveCfg = Debug|Any CPU
		{725F472F-E7FD-4D61-898A-E2D03FBD2F03}.Debug|x86.Build.0 = Debug|Any CPU
		{725F472F-E7FD-4D61-898A-E2D03FBD2F03}.Release|Any CPU.ActiveCfg = Release|Any CPU
		{725F472F-E7FD-4D61-898A-E2D03FBD2F03}.Release|Any CPU.Build.0 = Release|Any CPU
		{725F472F-E7FD-4D61-898A-E2D03FBD2F03}.Release|x64.ActiveCfg = Release|Any CPU
		{725F472F-E7FD-4D61-898A-E2D03FBD2F03}.Release|x64.Build.0 = Release|Any CPU
		{725F472F-E7FD-4D61-898A-E2D03FBD2F03}.Release|x86.ActiveCfg = Release|Any CPU
		{725F472F-E7FD-4D61-898A-E2D03FBD2F03}.Release|x86.Build.0 = Release|Any CPU
		{723EC37B-5D4C-4079-AC11-46F8F3EB8BF0}.Debug|Any CPU.ActiveCfg = Debug|Any CPU
		{723EC37B-5D4C-4079-AC11-46F8F3EB8BF0}.Debug|Any CPU.Build.0 = Debug|Any CPU
		{723EC37B-5D4C-4079-AC11-46F8F3EB8BF0}.Debug|x64.ActiveCfg = Debug|Any CPU
		{723EC37B-5D4C-4079-AC11-46F8F3EB8BF0}.Debug|x64.Build.0 = Debug|Any CPU
		{723EC37B-5D4C-4079-AC11-46F8F3EB8BF0}.Debug|x86.ActiveCfg = Debug|Any CPU
		{723EC37B-5D4C-4079-AC11-46F8F3EB8BF0}.Debug|x86.Build.0 = Debug|Any CPU
		{723EC37B-5D4C-4079-AC11-46F8F3EB8BF0}.Release|Any CPU.ActiveCfg = Release|Any CPU
		{723EC37B-5D4C-4079-AC11-46F8F3EB8BF0}.Release|Any CPU.Build.0 = Release|Any CPU
		{723EC37B-5D4C-4079-AC11-46F8F3EB8BF0}.Release|x64.ActiveCfg = Release|Any CPU
		{723EC37B-5D4C-4079-AC11-46F8F3EB8BF0}.Release|x64.Build.0 = Release|Any CPU
		{723EC37B-5D4C-4079-AC11-46F8F3EB8BF0}.Release|x86.ActiveCfg = Release|Any CPU
		{723EC37B-5D4C-4079-AC11-46F8F3EB8BF0}.Release|x86.Build.0 = Release|Any CPU
	EndGlobalSection
	GlobalSection(SolutionProperties) = preSolution
		HideSolutionNode = FALSE
	EndGlobalSection
	GlobalSection(NestedProjects) = preSolution
		{1899C13F-C989-45A9-9D01-493B722E2C33} = {E088CA68-1274-4E02-9C2D-3C51B08105FF}
		{5754542B-CF81-4C36-BEF9-3E7C335F7D5C} = {BCDC1BE3-8EBE-4BBD-B269-070D213C0A72}
		{0763875A-3A3C-4C03-B3BE-5DA313857A43} = {E7CF9C69-5244-4109-9B74-0919B9FDD6AC}
		{725F472F-E7FD-4D61-898A-E2D03FBD2F03} = {E7CF9C69-5244-4109-9B74-0919B9FDD6AC}
		{723EC37B-5D4C-4079-AC11-46F8F3EB8BF0} = {E7CF9C69-5244-4109-9B74-0919B9FDD6AC}
		{E7CF9C69-5244-4109-9B74-0919B9FDD6AC} = {0E826D44-87A5-4A16-A444-89ED7B8E8336}
		{BCDC1BE3-8EBE-4BBD-B269-070D213C0A72} = {0E826D44-87A5-4A16-A444-89ED7B8E8336}
		{E088CA68-1274-4E02-9C2D-3C51B08105FF} = {0E826D44-87A5-4A16-A444-89ED7B8E8336}
	EndGlobalSection
EndGlobal
