
Microsoft Visual Studio Solution File, Format Version 12.00
# Visual Studio 15
VisualStudioVersion = 15.0.26228.4
MinimumVisualStudioVersion = 15.0.26124.0
Project("{2150E333-8FDC-42A3-9474-1A3956D46DE8}") = "src", "src", "{D7554341-FD3B-4E66-8861-16B698094071}"
EndProject
Project("{9A19103F-16F7-4668-BE54-9A1E7A4F7556}") = "JediIdentityServer", "src\JediIdentityServer\JediIdentityServer.csproj", "{4E21FEC4-8142-4015-B9AD-554A2BF7038D}"
EndProject
Project("{9A19103F-16F7-4668-BE54-9A1E7A4F7556}") = "WebApi", "src\WebApi\WebApi.csproj", "{E9C7C1E5-03AE-4FCD-B350-19ECC8762571}"
EndProject
Project("{9A19103F-16F7-4668-BE54-9A1E7A4F7556}") = "Client", "src\Client\Client.csproj", "{5C53C647-9E51-4825-9D07-C0C362A2C6F2}"
EndProject
Project("{9A19103F-16F7-4668-BE54-9A1E7A4F7556}") = "ResourceOwnerClient", "src\ResourceOwnerClient\ResourceOwnerClient.csproj", "{FFC38ED1-1D4F-4EEA-8EE6-DB9310AFF842}"
EndProject
Global
	GlobalSection(SolutionConfigurationPlatforms) = preSolution
		Debug|Any CPU = Debug|Any CPU
		Debug|x64 = Debug|x64
		Debug|x86 = Debug|x86
		Release|Any CPU = Release|Any CPU
		Release|x64 = Release|x64
		Release|x86 = Release|x86
	EndGlobalSection
	GlobalSection(ProjectConfigurationPlatforms) = postSolution
		{4E21FEC4-8142-4015-B9AD-554A2BF7038D}.Debug|Any CPU.ActiveCfg = Debug|Any CPU
		{4E21FEC4-8142-4015-B9AD-554A2BF7038D}.Debug|Any CPU.Build.0 = Debug|Any CPU
		{4E21FEC4-8142-4015-B9AD-554A2BF7038D}.Debug|x64.ActiveCfg = Debug|Any CPU
		{4E21FEC4-8142-4015-B9AD-554A2BF7038D}.Debug|x64.Build.0 = Debug|Any CPU
		{4E21FEC4-8142-4015-B9AD-554A2BF7038D}.Debug|x86.ActiveCfg = Debug|Any CPU
		{4E21FEC4-8142-4015-B9AD-554A2BF7038D}.Debug|x86.Build.0 = Debug|Any CPU
		{4E21FEC4-8142-4015-B9AD-554A2BF7038D}.Release|Any CPU.ActiveCfg = Release|Any CPU
		{4E21FEC4-8142-4015-B9AD-554A2BF7038D}.Release|Any CPU.Build.0 = Release|Any CPU
		{4E21FEC4-8142-4015-B9AD-554A2BF7038D}.Release|x64.ActiveCfg = Release|Any CPU
		{4E21FEC4-8142-4015-B9AD-554A2BF7038D}.Release|x64.Build.0 = Release|Any CPU
		{4E21FEC4-8142-4015-B9AD-554A2BF7038D}.Release|x86.ActiveCfg = Release|Any CPU
		{4E21FEC4-8142-4015-B9AD-554A2BF7038D}.Release|x86.Build.0 = Release|Any CPU
		{E9C7C1E5-03AE-4FCD-B350-19ECC8762571}.Debug|Any CPU.ActiveCfg = Debug|Any CPU
		{E9C7C1E5-03AE-4FCD-B350-19ECC8762571}.Debug|Any CPU.Build.0 = Debug|Any CPU
		{E9C7C1E5-03AE-4FCD-B350-19ECC8762571}.Debug|x64.ActiveCfg = Debug|Any CPU
		{E9C7C1E5-03AE-4FCD-B350-19ECC8762571}.Debug|x64.Build.0 = Debug|Any CPU
		{E9C7C1E5-03AE-4FCD-B350-19ECC8762571}.Debug|x86.ActiveCfg = Debug|Any CPU
		{E9C7C1E5-03AE-4FCD-B350-19ECC8762571}.Debug|x86.Build.0 = Debug|Any CPU
		{E9C7C1E5-03AE-4FCD-B350-19ECC8762571}.Release|Any CPU.ActiveCfg = Release|Any CPU
		{E9C7C1E5-03AE-4FCD-B350-19ECC8762571}.Release|Any CPU.Build.0 = Release|Any CPU
		{E9C7C1E5-03AE-4FCD-B350-19ECC8762571}.Release|x64.ActiveCfg = Release|Any CPU
		{E9C7C1E5-03AE-4FCD-B350-19ECC8762571}.Release|x64.Build.0 = Release|Any CPU
		{E9C7C1E5-03AE-4FCD-B350-19ECC8762571}.Release|x86.ActiveCfg = Release|Any CPU
		{E9C7C1E5-03AE-4FCD-B350-19ECC8762571}.Release|x86.Build.0 = Release|Any CPU
		{5C53C647-9E51-4825-9D07-C0C362A2C6F2}.Debug|Any CPU.ActiveCfg = Debug|Any CPU
		{5C53C647-9E51-4825-9D07-C0C362A2C6F2}.Debug|Any CPU.Build.0 = Debug|Any CPU
		{5C53C647-9E51-4825-9D07-C0C362A2C6F2}.Debug|x64.ActiveCfg = Debug|Any CPU
		{5C53C647-9E51-4825-9D07-C0C362A2C6F2}.Debug|x64.Build.0 = Debug|Any CPU
		{5C53C647-9E51-4825-9D07-C0C362A2C6F2}.Debug|x86.ActiveCfg = Debug|Any CPU
		{5C53C647-9E51-4825-9D07-C0C362A2C6F2}.Debug|x86.Build.0 = Debug|Any CPU
		{5C53C647-9E51-4825-9D07-C0C362A2C6F2}.Release|Any CPU.ActiveCfg = Release|Any CPU
		{5C53C647-9E51-4825-9D07-C0C362A2C6F2}.Release|Any CPU.Build.0 = Release|Any CPU
		{5C53C647-9E51-4825-9D07-C0C362A2C6F2}.Release|x64.ActiveCfg = Release|Any CPU
		{5C53C647-9E51-4825-9D07-C0C362A2C6F2}.Release|x64.Build.0 = Release|Any CPU
		{5C53C647-9E51-4825-9D07-C0C362A2C6F2}.Release|x86.ActiveCfg = Release|Any CPU
		{5C53C647-9E51-4825-9D07-C0C362A2C6F2}.Release|x86.Build.0 = Release|Any CPU
		{FFC38ED1-1D4F-4EEA-8EE6-DB9310AFF842}.Debug|Any CPU.ActiveCfg = Debug|Any CPU
		{FFC38ED1-1D4F-4EEA-8EE6-DB9310AFF842}.Debug|Any CPU.Build.0 = Debug|Any CPU
		{FFC38ED1-1D4F-4EEA-8EE6-DB9310AFF842}.Debug|x64.ActiveCfg = Debug|Any CPU
		{FFC38ED1-1D4F-4EEA-8EE6-DB9310AFF842}.Debug|x64.Build.0 = Debug|Any CPU
		{FFC38ED1-1D4F-4EEA-8EE6-DB9310AFF842}.Debug|x86.ActiveCfg = Debug|Any CPU
		{FFC38ED1-1D4F-4EEA-8EE6-DB9310AFF842}.Debug|x86.Build.0 = Debug|Any CPU
		{FFC38ED1-1D4F-4EEA-8EE6-DB9310AFF842}.Release|Any CPU.ActiveCfg = Release|Any CPU
		{FFC38ED1-1D4F-4EEA-8EE6-DB9310AFF842}.Release|Any CPU.Build.0 = Release|Any CPU
		{FFC38ED1-1D4F-4EEA-8EE6-DB9310AFF842}.Release|x64.ActiveCfg = Release|Any CPU
		{FFC38ED1-1D4F-4EEA-8EE6-DB9310AFF842}.Release|x64.Build.0 = Release|Any CPU
		{FFC38ED1-1D4F-4EEA-8EE6-DB9310AFF842}.Release|x86.ActiveCfg = Release|Any CPU
		{FFC38ED1-1D4F-4EEA-8EE6-DB9310AFF842}.Release|x86.Build.0 = Release|Any CPU
	EndGlobalSection
	GlobalSection(SolutionProperties) = preSolution
		HideSolutionNode = FALSE
	EndGlobalSection
	GlobalSection(NestedProjects) = preSolution
		{4E21FEC4-8142-4015-B9AD-554A2BF7038D} = {D7554341-FD3B-4E66-8861-16B698094071}
		{E9C7C1E5-03AE-4FCD-B350-19ECC8762571} = {D7554341-FD3B-4E66-8861-16B698094071}
		{5C53C647-9E51-4825-9D07-C0C362A2C6F2} = {D7554341-FD3B-4E66-8861-16B698094071}
		{FFC38ED1-1D4F-4EEA-8EE6-DB9310AFF842} = {D7554341-FD3B-4E66-8861-16B698094071}
	EndGlobalSection
EndGlobal
